
Microsoft Visual Studio Solution File, Format Version 12.00
# Visual Studio Version 17
VisualStudioVersion = 17.2.32519.379
MinimumVisualStudioVersion = 10.0.40219.1
Project("{9A19103F-16F7-4668-BE54-9A1E7A4F7556}") = "PasswordGenerator", "PasswordGenerator\PasswordGenerator.csproj", "{B3C624DA-E665-4104-841D-6B048F0B79B2}"
EndProject
Global
	GlobalSection(SolutionConfigurationPlatforms) = preSolution
		Debug|Any CPU = Debug|Any CPU
		Release|Any CPU = Release|Any CPU
	EndGlobalSection
	GlobalSection(ProjectConfigurationPlatforms) = postSolution
		{B3C624DA-E665-4104-841D-6B048F0B79B2}.Debug|Any CPU.ActiveCfg = Debug|Any CPU
		{B3C624DA-E665-4104-841D-6B048F0B79B2}.Debug|Any CPU.Build.0 = Debug|Any CPU
		{B3C624DA-E665-4104-841D-6B048F0B79B2}.Release|Any CPU.ActiveCfg = Release|Any CPU
		{B3C624DA-E665-4104-841D-6B048F0B79B2}.Release|Any CPU.Build.0 = Release|Any CPU
	EndGlobalSection
	GlobalSection(SolutionProperties) = preSolution
		HideSolutionNode = FALSE
	EndGlobalSection
	GlobalSection(ExtensibilityGlobals) = postSolution
		SolutionGuid = {B617A87B-CC55-401D-BFB7-A288BFFD16CC}
	EndGlobalSection
EndGlobal
